
Microsoft Visual Studio Solution File, Format Version 12.00
Project("{FAE04EC0-301F-11D3-BF4B-00C04F79EFBC}") = "projeto-rpg", "projeto-rpg\projeto-rpg.csproj", "{4C1C5515-1B45-45B9-9C1D-5B89CB17F88D}"
EndProject
Global
	GlobalSection(SolutionConfigurationPlatforms) = preSolution
		Debug|Any CPU = Debug|Any CPU
		Release|Any CPU = Release|Any CPU
	EndGlobalSection
	GlobalSection(ProjectConfigurationPlatforms) = postSolution
		{4C1C5515-1B45-45B9-9C1D-5B89CB17F88D}.Debug|Any CPU.ActiveCfg = Debug|Any CPU
		{4C1C5515-1B45-45B9-9C1D-5B89CB17F88D}.Debug|Any CPU.Build.0 = Debug|Any CPU
		{4C1C5515-1B45-45B9-9C1D-5B89CB17F88D}.Release|Any CPU.ActiveCfg = Release|Any CPU
		{4C1C5515-1B45-45B9-9C1D-5B89CB17F88D}.Release|Any CPU.Build.0 = Release|Any CPU
	EndGlobalSection
EndGlobal
